PODS:
  - EasyPeasy (1.9.0)
  - MXScroll (0.1.3):
    - EasyPeasy
    - RxCocoa
    - RxSwift
  - RxCocoa (5.1.1):
    - RxRelay (~> 5)
    - RxSwift (~> 5)
  - RxRelay (5.1.1):
    - RxSwift (~> 5)
  - RxSwift (5.1.1)
  - XXNibBridge (2.3.1)

DEPENDENCIES:
  - MXScroll (from `../`)
  - XXNibBridge

SPEC REPOS:
  https://github.com/CocoaPods/Specs.git:
    - EasyPeasy
    - RxCocoa
    - RxRelay
    - RxSwift
    - XXNibBridge

EXTERNAL SOURCES:
  MXScroll:
    :path: "../"

SPEC CHECKSUMS:
  EasyPeasy: 19a84ef8f8bbcf925b9fecc29d1d78b7dab96718
  MXScroll: d3c318dd708ee18d87e18e2a89f234e69ed17481
  RxCocoa: 32065309a38d29b5b0db858819b5bf9ef038b601
  RxRelay: d77f7d771495f43c556cbc43eebd1bb54d01e8e9
  RxSwift: 81470a2074fa8780320ea5fe4102807cb7118178
  XXNibBridge: addb780e6db076eb2c61716aa60b176a6799b80f

PODFILE CHECKSUM: f804193a7f1c7ce3fab9bb30199846b0556324fe

COCOAPODS: 1.9.3
